
Microsoft Visual Studio Solution File, Format Version 12.00
# Visual Studio Version 17
VisualStudioVersion = 17.14.36121.58 d17.14
MinimumVisualStudioVersion = 10.0.40219.1
Project("{FAE04EC0-301F-11D3-BF4B-00C04F79EFBC}") = "namespaces", "namespaces.csproj", "{B2061B6E-2401-4D69-B2BF-599064AC5510}"
EndProject
Global
	GlobalSection(SolutionConfigurationPlatforms) = preSolution
		Debug|Any CPU = Debug|Any CPU
		Release|Any CPU = Release|Any CPU
	EndGlobalSection
	GlobalSection(ProjectConfigurationPlatforms) = postSolution
		{B2061B6E-2401-4D69-B2BF-599064AC5510}.Debug|Any CPU.ActiveCfg = Debug|Any CPU
		{B2061B6E-2401-4D69-B2BF-599064AC5510}.Debug|Any CPU.Build.0 = Debug|Any CPU
		{B2061B6E-2401-4D69-B2BF-599064AC5510}.Release|Any CPU.ActiveCfg = Release|Any CPU
		{B2061B6E-2401-4D69-B2BF-599064AC5510}.Release|Any CPU.Build.0 = Release|Any CPU
	EndGlobalSection
	GlobalSection(SolutionProperties) = preSolution
		HideSolutionNode = FALSE
	EndGlobalSection
	GlobalSection(ExtensibilityGlobals) = postSolution
		SolutionGuid = {FECED408-7C41-4983-8A57-0BAD990B2E95}
	EndGlobalSection
EndGlobal
